// !$*UTF8*$!
{
	archiveVersion = 1;
	classes = {
	};
	objectVersion = 46;
	objects = {

/* Begin PBXBuildFile section */
		18661EAB1AB0996B00E96FD4 /* main.m in Sources */ = {isa = PBXBuildFile; fileRef = 18661EAA1AB0996B00E96FD4 /* main.m */; };
		18661EAE1AB0996B00E96FD4 /* AppDelegate.m in Sources */ = {isa = PBXBuildFile; fileRef = 18661EAD1AB0996B00E96FD4 /* AppDelegate.m */; };
		18661EB11AB0996B00E96FD4 /* ViewController.m in Sources */ = {isa = PBXBuildFile; fileRef = 18661EB01AB0996B00E96FD4 /* ViewController.m */; };
		18661EB41AB0996B00E96FD4 /* Main.storyboard in Resources */ = {isa = PBXBuildFile; fileRef = 18661EB21AB0996B00E96FD4 /* Main.storyboard */; };
		18661EB61AB0996B00E96FD4 /* Images.xcassets in Resources */ = {isa = PBXBuildFile; fileRef = 18661EB51AB0996B00E96FD4 /* Images.xcassets */; };
		18661EB91AB0996B00E96FD4 /* LaunchScreen.xib in Resources */ = {isa = PBXBuildFile; fileRef = 18661EB71AB0996B00E96FD4 /* LaunchScreen.xib */; };
		18661EC51AB0996B00E96FD4 /* SafariTNGTests.m in Sources */ = {isa = PBXBuildFile; fileRef = 18661EC41AB0996B00E96FD4 /* SafariTNGTests.m */; };
/* End PBXBuildFile section */

/* Begin PBXContainerItemProxy section */
		18661EBF1AB0996B00E96FD4 /* PBXContainerItemProxy */ = {
			isa = PBXContainerItemProxy;
			containerPortal = 18661E9D1AB0996B00E96FD4 /* Project object */;
			proxyType = 1;
			remoteGlobalIDString = 18661EA41AB0996B00E96FD4;
			remoteInfo = SafariTNG;
		};
/* End PBXContainerItemProxy section */

/* Begin PBXFileReference section */
		18661EA51AB0996B00E96FD4 /* SafariTNG.app */ = {isa = PBXFileReference; explicitFileType = wrapper.application; includeInIndex = 0; path = SafariTNG.app; sourceTree = BUILT_PRODUCTS_DIR; };
		18661EA91AB0996B00E96FD4 /* Info.plist */ = {isa = PBXFileReference; lastKnownFileType = text.plist.xml; path = Info.plist; sourceTree = "<group>"; };
		18661EAA1AB0996B00E96FD4 /* main.m */ = {isa = PBXFileReference; lastKnownFileType = sourcecode.c.objc; path = main.m; sourceTree = "<group>"; };
		18661EAC1AB0996B00E96FD4 /* AppDelegate.h */ = {isa = PBXFileReference; lastKnownFileType = sourcecode.c.h; path = AppDelegate.h; sourceTree = "<group>"; };
		18661EAD1AB0996B00E96FD4 /* AppDelegate.m */ = {isa = PBXFileReference; lastKnownFileType = sourcecode.c.objc; path = AppDelegate.m; sourceTree = "<group>"; };
		18661EAF1AB0996B00E96FD4 /* ViewController.h */ = {isa = PBXFileReference; lastKnownFileType = sourcecode.c.h; path = ViewController.h; sourceTree = "<group>"; };
		18661EB01AB0996B00E96FD4 /* ViewController.m */ = {isa = PBXFileReference; lastKnownFileType = sourcecode.c.objc; path = ViewController.m; sourceTree = "<group>"; };
		18661EB31AB0996B00E96FD4 /* Base */ = {isa = PBXFileReference; lastKnownFileType = file.storyboard; name = Base; path = Base.lproj/Main.storyboard; sourceTree = "<group>"; };
		18661EB51AB0996B00E96FD4 /* Images.xcassets */ = {isa = PBXFileReference; lastKnownFileType = folder.assetcatalog; path = Images.xcassets; sourceTree = "<group>"; };
		18661EB81AB0996B00E96FD4 /* Base */ = {isa = PBXFileReference; lastKnownFileType = file.xib; name = Base; path = Base.lproj/LaunchScreen.xib; sourceTree = "<group>"; };
		18661EBE1AB0996B00E96FD4 /* SafariTNGTests.xctest */ = {isa = PBXFileReference; explicitFileType = wrapper.cfbundle; includeInIndex = 0; path = SafariTNGTests.xctest; sourceTree = BUILT_PRODUCTS_DIR; };
		18661EC31AB0996B00E96FD4 /* Info.plist */ = {isa = PBXFileReference; lastKnownFileType = text.plist.xml; path = Info.plist; sourceTree = "<group>"; };
		18661EC41AB0996B00E96FD4 /* SafariTNGTests.m */ = {isa = PBXFileReference; lastKnownFileType = sourcecode.c.objc; path = SafariTNGTests.m; sourceTree = "<group>"; };
/* End PBXFileReference section */

/* Begin PBXFrameworksBuildPhase section */
		18661EA21AB0996B00E96FD4 /* Frameworks */ = {
			isa = PBXFrameworksBuildPhase;
			buildActionMask = 2147483647;
			files = (
			);
			runOnlyForDeploymentPostprocessing = 0;
		};
		18661EBB1AB0996B00E96FD4 /* Frameworks */ = {
			isa = PBXFrameworksBuildPhase;
			buildActionMask = 2147483647;
			files = (
			);
			runOnlyForDeploymentPostprocessing = 0;
		};
/* End PBXFrameworksBuildPhase section */

/* Begin PBXGroup section */
		18661E9C1AB0996B00E96FD4 = {
			isa = PBXGroup;
			children = (
				18661EA71AB0996B00E96FD4 /* SafariTNG */,
				18661EC11AB0996B00E96FD4 /* SafariTNGTests */,
				18661EA61AB0996B00E96FD4 /* Products */,
			);
			sourceTree = "<group>";
		};
		18661EA61AB0996B00E96FD4 /* Products */ = {
			isa = PBXGroup;
			children = (
				18661EA51AB0996B00E96FD4 /* SafariTNG.app */,
				18661EBE1AB0996B00E96FD4 /* SafariTNGTests.xctest */,
			);
			name = Products;
			sourceTree = "<group>";
		};
		18661EA71AB0996B00E96FD4 /* SafariTNG */ = {
			isa = PBXGroup;
			children = (
				18661EAC1AB0996B00E96FD4 /* AppDelegate.h */,
				18661EAD1AB0996B00E96FD4 /* AppDelegate.m */,
				18661EAF1AB0996B00E96FD4 /* ViewController.h */,
				18661EB01AB0996B00E96FD4 /* ViewController.m */,
				18661EB21AB0996B00E96FD4 /* Main.storyboard */,
				18661EB51AB0996B00E96FD4 /* Images.xcassets */,
				18661EB71AB0996B00E96FD4 /* LaunchScreen.xib */,
				18661EA81AB0996B00E96FD4 /* Supporting Files */,
			);
			path = SafariTNG;
			sourceTree = "<group>";
		};
		18661EA81AB0996B00E96FD4 /* Supporting Files */ = {
			isa = PBXGroup;
			children = (
				18661EA91AB0996B00E96FD4 /* Info.plist */,
				18661EAA1AB0996B00E96FD4 /* main.m */,
			);
			name = "Supporting Files";
			sourceTree = "<group>";
		};
		18661EC11AB0996B00E96FD4 /* SafariTNGTests */ = {
			isa = PBXGroup;
			children = (
				18661EC41AB0996B00E96FD4 /* SafariTNGTests.m */,
				18661EC21AB0996B00E96FD4 /* Supporting Files */,
			);
			path = SafariTNGTests;
			sourceTree = "<group>";
		};
		18661EC21AB0996B00E96FD4 /* Supporting Files */ = {
			isa = PBXGroup;
			children = (
				18661EC31AB0996B00E96FD4 /* Info.plist */,
			);
			name = "Supporting Files";
			sourceTree = "<group>";
		};
/* End PBXGroup section */

/* Begin PBXNativeTarget section */
		18661EA41AB0996B00E96FD4 /* SafariTNG */ = {
			isa = PBXNativeTarget;
			buildConfigurationList = 18661EC81AB0996B00E96FD4 /* Build configuration list for PBXNativeTarget "SafariTNG" */;
			buildPhases = (
				18661EA11AB0996B00E96FD4 /* Sources */,
				18661EA21AB0996B00E96FD4 /* Frameworks */,
				18661EA31AB0996B00E96FD4 /* Resources */,
			);
			buildRules = (
			);
			dependencies = (
			);
			name = SafariTNG;
			productName = SafariTNG;
			productReference = 18661EA51AB0996B00E96FD4 /* SafariTNG.app */;
			productType = "com.apple.product-type.application";
		};
		18661EBD1AB0996B00E96FD4 /* SafariTNGTests */ = {
			isa = PBXNativeTarget;
			buildConfigurationList = 18661ECB1AB0996B00E96FD4 /* Build configuration list for PBXNativeTarget "SafariTNGTests" */;
			buildPhases = (
				18661EBA1AB0996B00E96FD4 /* Sources */,
				18661EBB1AB0996B00E96FD4 /* Frameworks */,
				18661EBC1AB0996B00E96FD4 /* Resources */,
			);
			buildRules = (
			);
			dependencies = (
				18661EC01AB0996B00E96FD4 /* PBXTargetDependency */,
			);
			name = SafariTNGTests;
			productName = SafariTNGTests;
			productReference = 18661EBE1AB0996B00E96FD4 /* SafariTNGTests.xctest */;
			productType = "com.apple.product-type.bundle.unit-test";
		};
/* End PBXNativeTarget section */

/* Begin PBXProject section */
		18661E9D1AB0996B00E96FD4 /* Project object */ = {
			isa = PBXProject;
			attributes = {
				LastUpgradeCheck = 0610;
				ORGANIZATIONNAME = "Sherrie Jones";
				TargetAttributes = {
					18661EA41AB0996B00E96FD4 = {
						CreatedOnToolsVersion = 6.1.1;
					};
					18661EBD1AB0996B00E96FD4 = {
						CreatedOnToolsVersion = 6.1.1;
						TestTargetID = 18661EA41AB0996B00E96FD4;
					};
				};
			};
			buildConfigurationList = 18661EA01AB0996B00E96FD4 /* Build configuration list for PBXProject "SafariTNG" */;
			compatibilityVersion = "Xcode 3.2";
			developmentRegion = English;
			hasScannedForEncodings = 0;
			knownRegions = (
				en,
				Base,
			);
			mainGroup = 18661E9C1AB0996B00E96FD4;
			productRefGroup = 18661EA61AB0996B00E96FD4 /* Products */;
			projectDirPath = "";
			projectRoot = "";
			targets = (
				18661EA41AB0996B00E96FD4 /* SafariTNG */,
				18661EBD1AB0996B00E96FD4 /* SafariTNGTests */,
			);
		};
/* End PBXProject section */

/* Begin PBXResourcesBuildPhase section */
		18661EA31AB0996B00E96FD4 /* Resources */ = {
			isa = PBXResourcesBuildPhase;
			buildActionMask = 2147483647;
			files = (
				18661EB41AB0996B00E96FD4 /* Main.storyboard in Resources */,
				18661EB91AB0996B00E96FD4 /* LaunchScreen.xib in Resources */,
				18661EB61AB0996B00E96FD4 /* Images.xcassets in Resources */,
			);
			runOnlyForDeploymentPostprocessing = 0;
		};
		18661EBC1AB0996B00E96FD4 /* Resources */ = {
			isa = PBXResourcesBuildPhase;
			buildActionMask = 2147483647;
			files = (
			);
			runOnlyForDeploymentPostprocessing = 0;
		};
/* End PBXResourcesBuildPhase section */

/* Begin PBXSourcesBuildPhase section */
		18661EA11AB0996B00E96FD4 /* Sources */ = {
			isa = PBXSourcesBuildPhase;
			buildActionMask = 2147483647;
			files = (
				18661EB11AB0996B00E96FD4 /* ViewController.m in Sources */,
				18661EAE1AB0996B00E96FD4 /* AppDelegate.m in Sources */,
				18661EAB1AB0996B00E96FD4 /* main.m in Sources */,
			);
			runOnlyForDeploymentPostprocessing = 0;
		};
		18661EBA1AB0996B00E96FD4 /* Sources */ = {
			isa = PBXSourcesBuildPhase;
			buildActionMask = 2147483647;
			files = (
				18661EC51AB0996B00E96FD4 /* SafariTNGTests.m in Sources */,
			);
			runOnlyForDeploymentPostprocessing = 0;
		};
/* End PBXSourcesBuildPhase section */

/* Begin PBXTargetDependency section */
		18661EC01AB0996B00E96FD4 /* PBXTargetDependency */ = {
			isa = PBXTargetDependency;
			target = 18661EA41AB0996B00E96FD4 /* SafariTNG */;
			targetProxy = 18661EBF1AB0996B00E96FD4 /* PBXContainerItemProxy */;
		};
/* End PBXTargetDependency section */

/* Begin PBXVariantGroup section */
		18661EB21AB0996B00E96FD4 /* Main.storyboard */ = {
			isa = PBXVariantGroup;
			children = (
				18661EB31AB0996B00E96FD4 /* Base */,
			);
			name = Main.storyboard;
			sourceTree = "<group>";
		};
		18661EB71AB0996B00E96FD4 /* LaunchScreen.xib */ = {
			isa = PBXVariantGroup;
			children = (
				18661EB81AB0996B00E96FD4 /* Base */,
			);
			name = LaunchScreen.xib;
			sourceTree = "<group>";
		};
/* End PBXVariantGroup section */

/* Begin XCBuildConfiguration section */
		18661EC61AB0996B00E96FD4 /* Debug */ = {
			isa = XCBuildConfiguration;
			buildSettings = {
				ALWAYS_SEARCH_USER_PATHS = NO;
				CLANG_CXX_LANGUAGE_STANDARD = "gnu++0x";
				CLANG_CXX_LIBRARY = "libc++";
				CLANG_ENABLE_MODULES = YES;
				CLANG_ENABLE_OBJC_ARC = YES;
				CLANG_WARN_BOOL_CONVERSION = YES;
				CLANG_WARN_CONSTANT_CONVERSION = YES;
				CLANG_WARN_DIRECT_OBJC_ISA_USAGE = YES_ERROR;
				CLANG_WARN_EMPTY_BODY = YES;
				CLANG_WARN_ENUM_CONVERSION = YES;
				CLANG_WARN_INT_CONVERSION = YES;
				CLANG_WARN_OBJC_ROOT_CLASS = YES_ERROR;
				CLANG_WARN_UNREACHABLE_CODE = YES;
				CLANG_WARN__DUPLICATE_METHOD_MATCH = YES;
				"CODE_SIGN_IDENTITY[sdk=iphoneos*]" = "iPhone Developer";
				COPY_PHASE_STRIP = NO;
				ENABLE_STRICT_OBJC_MSGSEND = YES;
				GCC_C_LANGUAGE_STANDARD = gnu99;
				GCC_DYNAMIC_NO_PIC = NO;
				GCC_OPTIMIZATION_LEVEL = 0;
				GCC_PREPROCESSOR_DEFINITIONS = (
					"DEBUG=1",
					"$(inherited)",
				);
				GCC_SYMBOLS_PRIVATE_EXTERN = NO;
				GCC_WARN_64_TO_32_BIT_CONVERSION = YES;
				GCC_WARN_ABOUT_RETURN_TYPE = YES_ERROR;
				GCC_WARN_UNDECLARED_SELECTOR = YES;
				GCC_WARN_UNINITIALIZED_AUTOS = YES_AGGRESSIVE;
				GCC_WARN_UNUSED_FUNCTION = YES;
				GCC_WARN_UNUSED_VARIABLE = YES;
				IPHONEOS_DEPLOYMENT_TARGET = 8.1;
				MTL_ENABLE_DEBUG_INFO = YES;
				ONLY_ACTIVE_ARCH = YES;
				SDKROOT = iphoneos;
			};
			name = Debug;
		};
		18661EC71AB0996B00E96FD4 /* Release */ = {
			isa = XCBuildConfiguration;
			buildSettings = {
				ALWAYS_SEARCH_USER_PATHS = NO;
				CLANG_CXX_LANGUAGE_STANDARD = "gnu++0x";
				CLANG_CXX_LIBRARY = "libc++";
				CLANG_ENABLE_MODULES = YES;
				CLANG_ENABLE_OBJC_ARC = YES;
				CLANG_WARN_BOOL_CONVERSION = YES;
				CLANG_WARN_CONSTANT_CONVERSION = YES;
				CLANG_WARN_DIRECT_OBJC_ISA_USAGE = YES_ERROR;
				CLANG_WARN_EMPTY_BODY = YES;
				CLANG_WARN_ENUM_CONVERSION = YES;
				CLANG_WARN_INT_CONVERSION = YES;
				CLANG_WARN_OBJC_ROOT_CLASS = YES_ERROR;
				CLANG_WARN_UNREACHABLE_CODE = YES;
				CLANG_WARN__DUPLICATE_METHOD_MATCH = YES;
				"CODE_SIGN_IDENTITY[sdk=iphoneos*]" = "iPhone Developer";
				COPY_PHASE_STRIP = YES;
				ENABLE_NS_ASSERTIONS = NO;
				ENABLE_STRICT_OBJC_MSGSEND = YES;
				GCC_C_LANGUAGE_STANDARD = gnu99;
				GCC_WARN_64_TO_32_BIT_CONVERSION = YES;
				GCC_WARN_ABOUT_RETURN_TYPE = YES_ERROR;
				GCC_WARN_UNDECLARED_SELECTOR = YES;
				GCC_WARN_UNINITIALIZED_AUTOS = YES_AGGRESSIVE;
				GCC_WARN_UNUSED_FUNCTION = YES;
				GCC_WARN_UNUSED_VARIABLE = YES;
				IPHONEOS_DEPLOYMENT_TARGET = 8.1;
				MTL_ENABLE_DEBUG_INFO = NO;
				SDKROOT = iphoneos;
				VALIDATE_PRODUCT = YES;
			};
			name = Release;
		};
		18661EC91AB0996B00E96FD4 /* Debug */ = {
			isa = XCBuildConfiguration;
			buildSettings = {
				ASSETCATALOG_COMPILER_APPICON_NAME = AppIcon;
				INFOPLIST_FILE = SafariTNG/Info.plist;
				LD_RUNPATH_SEARCH_PATHS = "$(inherited) @executable_path/Frameworks";
				PRODUCT_NAME = "$(TARGET_NAME)";
			};
			name = Debug;
		};
		18661ECA1AB0996B00E96FD4 /* Release */ = {
			isa = XCBuildConfiguration;
			buildSettings = {
				ASSETCATALOG_COMPILER_APPICON_NAME = AppIcon;
				INFOPLIST_FILE = SafariTNG/Info.plist;
				LD_RUNPATH_SEARCH_PATHS = "$(inherited) @executable_path/Frameworks";
				PRODUCT_NAME = "$(TARGET_NAME)";
			};
			name = Release;
		};
		18661ECC1AB0996B00E96FD4 /* Debug */ = {
			isa = XCBuildConfiguration;
			buildSettings = {
				BUNDLE_LOADER = "$(TEST_HOST)";
				FRAMEWORK_SEARCH_PATHS = (
					"$(SDKROOT)/Developer/Library/Frameworks",
					"$(inherited)",
				);
				GCC_PREPROCESSOR_DEFINITIONS = (
					"DEBUG=1",
					"$(inherited)",
				);
				INFOPLIST_FILE = SafariTNGTests/Info.plist;
				LD_RUNPATH_SEARCH_PATHS = "$(inherited) @executable_path/Frameworks @loader_path/Frameworks";
				PRODUCT_NAME = "$(TARGET_NAME)";
				TEST_HOST = "$(BUILT_PRODUCTS_DIR)/SafariTNG.app/SafariTNG";
			};
			name = Debug;
		};
		18661ECD1AB0996B00E96FD4 /* Release */ = {
			isa = XCBuildConfiguration;
			buildSettings = {
				BUNDLE_LOADER = "$(TEST_HOST)";
				FRAMEWORK_SEARCH_PATHS = (
					"$(SDKROOT)/Developer/Library/Frameworks",
					"$(inherited)",
				);
				INFOPLIST_FILE = SafariTNGTests/Info.plist;
				LD_RUNPATH_SEARCH_PATHS = "$(inherited) @executable_path/Frameworks @loader_path/Frameworks";
				PRODUCT_NAME = "$(TARGET_NAME)";
				TEST_HOST = "$(BUILT_PRODUCTS_DIR)/SafariTNG.app/SafariTNG";
			};
			name = Release;
		};
/* End XCBuildConfiguration section */

/* Begin XCConfigurationList section */
		18661EA01AB0996B00E96FD4 /* Build configuration list for PBXProject "SafariTNG" */ = {
			isa = XCConfigurationList;
			buildConfigurations = (
				18661EC61AB0996B00E96FD4 /* Debug */,
				18661EC71AB0996B00E96FD4 /* Release */,
			);
			defaultConfigurationIsVisible = 0;
			defaultConfigurationName = Release;
		};
		18661EC81AB0996B00E96FD4 /* Build configuration list for PBXNativeTarget "SafariTNG" */ = {
			isa = XCConfigurationList;
			buildConfigurations = (
				18661EC91AB0996B00E96FD4 /* Debug */,
				18661ECA1AB0996B00E96FD4 /* Release */,
			);
			defaultConfigurationIsVisible = 0;
		};
		18661ECB1AB0996B00E96FD4 /* Build configuration list for PBXNativeTarget "SafariTNGTests" */ = {
			isa = XCConfigurationList;
			buildConfigurations = (
				18661ECC1AB0996B00E96FD4 /* Debug */,
				18661ECD1AB0996B00E96FD4 /* Release */,
			);
			defaultConfigurationIsVisible = 0;
		};
/* End XCConfigurationList section */
	};
	rootObject = 18661E9D1AB0996B00E96FD4 /* Project object */;
}
